// !$*UTF8*$!
{
	archiveVersion = 1;
	classes = {
	};
	objectVersion = 46;
	objects = {

/* Begin PBXBuildFile section */
		D27FA93F1D4243C500758BBE /* UnsupportedOSVersionAlert.swift in Sources */ = {isa = PBXBuildFile; fileRef = D27FA93E1D4243C500758BBE /* UnsupportedOSVersionAlert.swift */; };
		D2E2E41A1D252225003F246F /* AppDelegate.swift in Sources */ = {isa = PBXBuildFile; fileRef = D2E2E4191D252225003F246F /* AppDelegate.swift */; };
		D2E2E41C1D252225003F246F /* ViewController.swift in Sources */ = {isa = PBXBuildFile; fileRef = D2E2E41B1D252225003F246F /* ViewController.swift */; };
		D2E2E41F1D252225003F246F /* Main.storyboard in Resources */ = {isa = PBXBuildFile; fileRef = D2E2E41D1D252225003F246F /* Main.storyboard */; };
		D2E2E4221D252225003F246F /* UnsupportedOSVersionAlert.xcdatamodeld in Sources */ = {isa = PBXBuildFile; fileRef = D2E2E4201D252225003F246F /* UnsupportedOSVersionAlert.xcdatamodeld */; };
		D2E2E4241D252225003F246F /* Assets.xcassets in Resources */ = {isa = PBXBuildFile; fileRef = D2E2E4231D252225003F246F /* Assets.xcassets */; };
		D2E2E4271D252225003F246F /* LaunchScreen.storyboard in Resources */ = {isa = PBXBuildFile; fileRef = D2E2E4251D252225003F246F /* LaunchScreen.storyboard */; };
/* End PBXBuildFile section */

/* Begin PBXFileReference section */
		D27FA93E1D4243C500758BBE /* UnsupportedOSVersionAlert.swift */ = {isa = PBXFileReference; fileEncoding = 4; lastKnownFileType = sourcecode.swift; name = UnsupportedOSVersionAlert.swift; path = ../../Source/UnsupportedOSVersionAlert.swift; sourceTree = "<group>"; };
		D2E2E4161D252225003F246F /* UnsupportedOSVersionAlert.app */ = {isa = PBXFileReference; explicitFileType = wrapper.application; includeInIndex = 0; path = UnsupportedOSVersionAlert.app; sourceTree = BUILT_PRODUCTS_DIR; };
		D2E2E4191D252225003F246F /* AppDelegate.swift */ = {isa = PBXFileReference; lastKnownFileType = sourcecode.swift; path = AppDelegate.swift; sourceTree = "<group>"; };
		D2E2E41B1D252225003F246F /* ViewController.swift */ = {isa = PBXFileReference; lastKnownFileType = sourcecode.swift; path = ViewController.swift; sourceTree = "<group>"; };
		D2E2E41E1D252225003F246F /* Base */ = {isa = PBXFileReference; lastKnownFileType = file.storyboard; name = Base; path = Base.lproj/Main.storyboard; sourceTree = "<group>"; };
		D2E2E4211D252225003F246F /* UnsupportedOSVersionAlert.xcdatamodel */ = {isa = PBXFileReference; lastKnownFileType = wrapper.xcdatamodel; path = UnsupportedOSVersionAlert.xcdatamodel; sourceTree = "<group>"; };
		D2E2E4231D252225003F246F /* Assets.xcassets */ = {isa = PBXFileReference; lastKnownFileType = folder.assetcatalog; path = Assets.xcassets; sourceTree = "<group>"; };
		D2E2E4261D252225003F246F /* Base */ = {isa = PBXFileReference; lastKnownFileType = file.storyboard; name = Base; path = Base.lproj/LaunchScreen.storyboard; sourceTree = "<group>"; };
		D2E2E4281D252225003F246F /* Info.plist */ = {isa = PBXFileReference; lastKnownFileType = text.plist.xml; path = Info.plist; sourceTree = "<group>"; };
/* End PBXFileReference section */

/* Begin PBXFrameworksBuildPhase section */
		D2E2E4131D252225003F246F /* Frameworks */ = {
			isa = PBXFrameworksBuildPhase;
			buildActionMask = 2147483647;
			files = (
			);
			runOnlyForDeploymentPostprocessing = 0;
		};
/* End PBXFrameworksBuildPhase section */

/* Begin PBXGroup section */
		D2E2E40D1D252225003F246F = {
			isa = PBXGroup;
			children = (
				D2E2E4181D252225003F246F /* UnsupportedOSVersionAlert */,
				D2E2E4171D252225003F246F /* Products */,
			);
			sourceTree = "<group>";
		};
		D2E2E4171D252225003F246F /* Products */ = {
			isa = PBXGroup;
			children = (
				D2E2E4161D252225003F246F /* UnsupportedOSVersionAlert.app */,
			);
			name = Products;
			sourceTree = "<group>";
		};
		D2E2E4181D252225003F246F /* UnsupportedOSVersionAlert */ = {
			isa = PBXGroup;
			children = (
				D2E2E4191D252225003F246F /* AppDelegate.swift */,
				D2E2E41B1D252225003F246F /* ViewController.swift */,
				D27FA93E1D4243C500758BBE /* UnsupportedOSVersionAlert.swift */,
				D2E2E41D1D252225003F246F /* Main.storyboard */,
				D2E2E4231D252225003F246F /* Assets.xcassets */,
				D2E2E4251D252225003F246F /* LaunchScreen.storyboard */,
				D2E2E4281D252225003F246F /* Info.plist */,
				D2E2E4201D252225003F246F /* UnsupportedOSVersionAlert.xcdatamodeld */,
			);
			path = UnsupportedOSVersionAlert;
			sourceTree = "<group>";
		};
/* End PBXGroup section */

/* Begin PBXNativeTarget section */
		D2E2E4151D252225003F246F /* UnsupportedOSVersionAlert */ = {
			isa = PBXNativeTarget;
			buildConfigurationList = D2E2E4411D252225003F246F /* Build configuration list for PBXNativeTarget "UnsupportedOSVersionAlert" */;
			buildPhases = (
				D2E2E4121D252225003F246F /* Sources */,
				D2E2E4131D252225003F246F /* Frameworks */,
				D2E2E4141D252225003F246F /* Resources */,
			);
			buildRules = (
			);
			dependencies = (
			);
			name = UnsupportedOSVersionAlert;
			productName = UnsupportedOSVersionAlert;
			productReference = D2E2E4161D252225003F246F /* UnsupportedOSVersionAlert.app */;
			productType = "com.apple.product-type.application";
		};
/* End PBXNativeTarget section */

/* Begin PBXProject section */
		D2E2E40E1D252225003F246F /* Project object */ = {
			isa = PBXProject;
			attributes = {
				LastSwiftMigration = 0730;
				LastSwiftUpdateCheck = 0730;
				LastUpgradeCheck = 0730;
				ORGANIZATIONNAME = "Josef Moser";
				TargetAttributes = {
					D2E2E4151D252225003F246F = {
						CreatedOnToolsVersion = 7.3.1;
					};
				};
			};
			buildConfigurationList = D2E2E4111D252225003F246F /* Build configuration list for PBXProject "UnsupportedOSVersionAlert" */;
			compatibilityVersion = "Xcode 3.2";
			developmentRegion = English;
			hasScannedForEncodings = 0;
			knownRegions = (
				en,
				Base,
			);
			mainGroup = D2E2E40D1D252225003F246F;
			productRefGroup = D2E2E4171D252225003F246F /* Products */;
			projectDirPath = "";
			projectRoot = "";
			targets = (
				D2E2E4151D252225003F246F /* UnsupportedOSVersionAlert */,
			);
		};
/* End PBXProject section */

/* Begin PBXResourcesBuildPhase section */
		D2E2E4141D252225003F246F /* Resources */ = {
			isa = PBXResourcesBuildPhase;
			buildActionMask = 2147483647;
			files = (
				D2E2E4271D252225003F246F /* LaunchScreen.storyboard in Resources */,
				D2E2E4241D252225003F246F /* Assets.xcassets in Resources */,
				D2E2E41F1D252225003F246F /* Main.storyboard in Resources */,
			);
			runOnlyForDeploymentPostprocessing = 0;
		};
/* End PBXResourcesBuildPhase section */

/* Begin PBXSourcesBuildPhase section */
		D2E2E4121D252225003F246F /* Sources */ = {
			isa = PBXSourcesBuildPhase;
			buildActionMask = 2147483647;
			files = (
				D2E2E41C1D252225003F246F /* ViewController.swift in Sources */,
				D2E2E41A1D252225003F246F /* AppDelegate.swift in Sources */,
				D2E2E4221D252225003F246F /* UnsupportedOSVersionAlert.xcdatamodeld in Sources */,
				D27FA93F1D4243C500758BBE /* UnsupportedOSVersionAlert.swift in Sources */,
			);
			runOnlyForDeploymentPostprocessing = 0;
		};
/* End PBXSourcesBuildPhase section */

/* Begin PBXVariantGroup section */
		D2E2E41D1D252225003F246F /* Main.storyboard */ = {
			isa = PBXVariantGroup;
			children = (
				D2E2E41E1D252225003F246F /* Base */,
			);
			name = Main.storyboard;
			sourceTree = "<group>";
		};
		D2E2E4251D252225003F246F /* LaunchScreen.storyboard */ = {
			isa = PBXVariantGroup;
			children = (
				D2E2E4261D252225003F246F /* Base */,
			);
			name = LaunchScreen.storyboard;
			sourceTree = "<group>";
		};
/* End PBXVariantGroup section */

/* Begin XCBuildConfiguration section */
		D2E2E43F1D252225003F246F /* Debug */ = {
			isa = XCBuildConfiguration;
			buildSettings = {
				ALWAYS_SEARCH_USER_PATHS = NO;
				CLANG_ANALYZER_NONNULL = YES;
				CLANG_CXX_LANGUAGE_STANDARD = "gnu++0x";
				CLANG_CXX_LIBRARY = "libc++";
				CLANG_ENABLE_MODULES = YES;
				CLANG_ENABLE_OBJC_ARC = YES;
				CLANG_WARN_BOOL_CONVERSION = YES;
				CLANG_WARN_CONSTANT_CONVERSION = YES;
				CLANG_WARN_DIRECT_OBJC_ISA_USAGE = YES_ERROR;
				CLANG_WARN_EMPTY_BODY = YES;
				CLANG_WARN_ENUM_CONVERSION = YES;
				CLANG_WARN_INT_CONVERSION = YES;
				CLANG_WARN_OBJC_ROOT_CLASS = YES_ERROR;
				CLANG_WARN_UNREACHABLE_CODE = YES;
				CLANG_WARN__DUPLICATE_METHOD_MATCH = YES;
				"CODE_SIGN_IDENTITY[sdk=iphoneos*]" = "iPhone Developer";
				COPY_PHASE_STRIP = NO;
				DEBUG_INFORMATION_FORMAT = dwarf;
				ENABLE_STRICT_OBJC_MSGSEND = YES;
				ENABLE_TESTABILITY = YES;
				GCC_C_LANGUAGE_STANDARD = gnu99;
				GCC_DYNAMIC_NO_PIC = NO;
				GCC_NO_COMMON_BLOCKS = YES;
				GCC_OPTIMIZATION_LEVEL = 0;
				GCC_PREPROCESSOR_DEFINITIONS = (
					"DEBUG=1",
					"$(inherited)",
				);
				GCC_WARN_64_TO_32_BIT_CONVERSION = YES;
				GCC_WARN_ABOUT_RETURN_TYPE = YES_ERROR;
				GCC_WARN_UNDECLARED_SELECTOR = YES;
				GCC_WARN_UNINITIALIZED_AUTOS = YES_AGGRESSIVE;
				GCC_WARN_UNUSED_FUNCTION = YES;
				GCC_WARN_UNUSED_VARIABLE = YES;
				IPHONEOS_DEPLOYMENT_TARGET = 8.0;
				MTL_ENABLE_DEBUG_INFO = YES;
				ONLY_ACTIVE_ARCH = YES;
				SDKROOT = iphoneos;
				SWIFT_OPTIMIZATION_LEVEL = "-Onone";
			};
			name = Debug;
		};
		D2E2E4401D252225003F246F /* Release */ = {
			isa = XCBuildConfiguration;
			buildSettings = {
				ALWAYS_SEARCH_USER_PATHS = NO;
				CLANG_ANALYZER_NONNULL = YES;
				CLANG_CXX_LANGUAGE_STANDARD = "gnu++0x";
				CLANG_CXX_LIBRARY = "libc++";
				CLANG_ENABLE_MODULES = YES;
				CLANG_ENABLE_OBJC_ARC = YES;
				CLANG_WARN_BOOL_CONVERSION = YES;
				CLANG_WARN_CONSTANT_CONVERSION = YES;
				CLANG_WARN_DIRECT_OBJC_ISA_USAGE = YES_ERROR;
				CLANG_WARN_EMPTY_BODY = YES;
				CLANG_WARN_ENUM_CONVERSION = YES;
				CLANG_WARN_INT_CONVERSION = YES;
				CLANG_WARN_OBJC_ROOT_CLASS = YES_ERROR;
				CLANG_WARN_UNREACHABLE_CODE = YES;
				CLANG_WARN__DUPLICATE_METHOD_MATCH = YES;
				"CODE_SIGN_IDENTITY[sdk=iphoneos*]" = "iPhone Developer";
				COPY_PHASE_STRIP = NO;
				DEBUG_INFORMATION_FORMAT = "dwarf-with-dsym";
				ENABLE_NS_ASSERTIONS = NO;
				ENABLE_STRICT_OBJC_MSGSEND = YES;
				GCC_C_LANGUAGE_STANDARD = gnu99;
				GCC_NO_COMMON_BLOCKS = YES;
				GCC_WARN_64_TO_32_BIT_CONVERSION = YES;
				GCC_WARN_ABOUT_RETURN_TYPE = YES_ERROR;
				GCC_WARN_UNDECLARED_SELECTOR = YES;
				GCC_WARN_UNINITIALIZED_AUTOS = YES_AGGRESSIVE;
				GCC_WARN_UNUSED_FUNCTION = YES;
				GCC_WARN_UNUSED_VARIABLE = YES;
				IPHONEOS_DEPLOYMENT_TARGET = 8.0;
				MTL_ENABLE_DEBUG_INFO = NO;
				SDKROOT = iphoneos;
				VALIDATE_PRODUCT = YES;
			};
			name = Release;
		};
		D2E2E4421D252225003F246F /* Debug */ = {
			isa = XCBuildConfiguration;
			buildSettings = {
				ASSETCATALOG_COMPILER_APPICON_NAME = AppIcon;
				INFOPLIST_FILE = UnsupportedOSVersionAlert/Info.plist;
				IPHONEOS_DEPLOYMENT_TARGET = 7.0;
				LD_RUNPATH_SEARCH_PATHS = "$(inherited) @executable_path/Frameworks";
				PRODUCT_BUNDLE_IDENTIFIER = com.caloon.UnsupportedOSVersionAlert;
				PRODUCT_NAME = "$(TARGET_NAME)";
			};
			name = Debug;
		};
		D2E2E4431D252225003F246F /* Release */ = {
			isa = XCBuildConfiguration;
			buildSettings = {
				ASSETCATALOG_COMPILER_APPICON_NAME = AppIcon;
				INFOPLIST_FILE = UnsupportedOSVersionAlert/Info.plist;
				IPHONEOS_DEPLOYMENT_TARGET = 7.0;
				LD_RUNPATH_SEARCH_PATHS = "$(inherited) @executable_path/Frameworks";
				PRODUCT_BUNDLE_IDENTIFIER = com.caloon.UnsupportedOSVersionAlert;
				PRODUCT_NAME = "$(TARGET_NAME)";
			};
			name = Release;
		};
/* End XCBuildConfiguration section */

/* Begin XCConfigurationList section */
		D2E2E4111D252225003F246F /* Build configuration list for PBXProject "UnsupportedOSVersionAlert" */ = {
			isa = XCConfigurationList;
			buildConfigurations = (
				D2E2E43F1D252225003F246F /* Debug */,
				D2E2E4401D252225003F246F /* Release */,
			);
			defaultConfigurationIsVisible = 0;
			defaultConfigurationName = Release;
		};
		D2E2E4411D252225003F246F /* Build configuration list for PBXNativeTarget "UnsupportedOSVersionAlert" */ = {
			isa = XCConfigurationList;
			buildConfigurations = (
				D2E2E4421D252225003F246F /* Debug */,
				D2E2E4431D252225003F246F /* Release */,
			);
			defaultConfigurationIsVisible = 0;
			defaultConfigurationName = Release;
		};
/* End XCConfigurationList section */

/* Begin XCVersionGroup section */
		D2E2E4201D252225003F246F /* UnsupportedOSVersionAlert.xcdatamodeld */ = {
			isa = XCVersionGroup;
			children = (
				D2E2E4211D252225003F246F /* UnsupportedOSVersionAlert.xcdatamodel */,
			);
			currentVersion = D2E2E4211D252225003F246F /* UnsupportedOSVersionAlert.xcdatamodel */;
			path = UnsupportedOSVersionAlert.xcdatamodeld;
			sourceTree = "<group>";
			versionGroupType = wrapper.xcdatamodel;
		};
/* End XCVersionGroup section */
	};
	rootObject = D2E2E40E1D252225003F246F /* Project object */;
}
